
Microsoft Visual Studio Solution File, Format Version 12.00
# Visual Studio Version 17
VisualStudioVersion = 17.8.34316.72
MinimumVisualStudioVersion = 10.0.40219.1
Project("{FAE04EC0-301F-11D3-BF4B-00C04F79EFBC}") = "Цикл_2", "Цикл_2\Цикл_2.csproj", "{2242DD48-2809-4D57-B312-742B8FDD744F}"
EndProject
Global
	GlobalSection(SolutionConfigurationPlatforms) = preSolution
		Debug|Any CPU = Debug|Any CPU
		Release|Any CPU = Release|Any CPU
	EndGlobalSection
	GlobalSection(ProjectConfigurationPlatforms) = postSolution
		{2242DD48-2809-4D57-B312-742B8FDD744F}.Debug|Any CPU.ActiveCfg = Debug|Any CPU
		{2242DD48-2809-4D57-B312-742B8FDD744F}.Debug|Any CPU.Build.0 = Debug|Any CPU
		{2242DD48-2809-4D57-B312-742B8FDD744F}.Release|Any CPU.ActiveCfg = Release|Any CPU
		{2242DD48-2809-4D57-B312-742B8FDD744F}.Release|Any CPU.Build.0 = Release|Any CPU
	EndGlobalSection
	GlobalSection(SolutionProperties) = preSolution
		HideSolutionNode = FALSE
	EndGlobalSection
	GlobalSection(ExtensibilityGlobals) = postSolution
		SolutionGuid = {24E13A7D-F0DD-4FBB-9302-6B6F8FF0B36C}
	EndGlobalSection
EndGlobal
